
Microsoft Visual Studio Solution File, Format Version 12.00
# Visual Studio Version 17
VisualStudioVersion = 17.5.33424.131
MinimumVisualStudioVersion = 10.0.40219.1
Project("{8BC9CEB8-8B4A-11D0-8D11-00A0C91BC942}") = "ActivityStructure_093", "ActivityStructure_093\ActivityStructure_093.vcxproj", "{CEE14994-F3E9-4A88-8279-19D4AC0F399B}"
EndProject
Project("{8BC9CEB8-8B4A-11D0-8D11-00A0C91BC942}") = "ActivityStructure2", "ActivityStructure2\ActivityStructure2.vcxproj", "{F17CFD1E-3F85-431B-A8F4-E121096DE05D}"
EndProject
Global
	GlobalSection(SolutionConfigurationPlatforms) = preSolution
		Debug|x64 = Debug|x64
		Debug|x86 = Debug|x86
		Release|x64 = Release|x64
		Release|x86 = Release|x86
	EndGlobalSection
	GlobalSection(ProjectConfigurationPlatforms) = postSolution
		{CEE14994-F3E9-4A88-8279-19D4AC0F399B}.Debug|x64.ActiveCfg = Debug|x64
		{CEE14994-F3E9-4A88-8279-19D4AC0F399B}.Debug|x64.Build.0 = Debug|x64
		{CEE14994-F3E9-4A88-8279-19D4AC0F399B}.Debug|x86.ActiveCfg = Debug|Win32
		{CEE14994-F3E9-4A88-8279-19D4AC0F399B}.Debug|x86.Build.0 = Debug|Win32
		{CEE14994-F3E9-4A88-8279-19D4AC0F399B}.Release|x64.ActiveCfg = Release|x64
		{CEE14994-F3E9-4A88-8279-19D4AC0F399B}.Release|x64.Build.0 = Release|x64
		{CEE14994-F3E9-4A88-8279-19D4AC0F399B}.Release|x86.ActiveCfg = Release|Win32
		{CEE14994-F3E9-4A88-8279-19D4AC0F399B}.Release|x86.Build.0 = Release|Win32
		{F17CFD1E-3F85-431B-A8F4-E121096DE05D}.Debug|x64.ActiveCfg = Debug|x64
		{F17CFD1E-3F85-431B-A8F4-E121096DE05D}.Debug|x64.Build.0 = Debug|x64
		{F17CFD1E-3F85-431B-A8F4-E121096DE05D}.Debug|x86.ActiveCfg = Debug|Win32
		{F17CFD1E-3F85-431B-A8F4-E121096DE05D}.Debug|x86.Build.0 = Debug|Win32
		{F17CFD1E-3F85-431B-A8F4-E121096DE05D}.Release|x64.ActiveCfg = Release|x64
		{F17CFD1E-3F85-431B-A8F4-E121096DE05D}.Release|x64.Build.0 = Release|x64
		{F17CFD1E-3F85-431B-A8F4-E121096DE05D}.Release|x86.ActiveCfg = Release|Win32
		{F17CFD1E-3F85-431B-A8F4-E121096DE05D}.Release|x86.Build.0 = Release|Win32
	EndGlobalSection
	GlobalSection(SolutionProperties) = preSolution
		HideSolutionNode = FALSE
	EndGlobalSection
	GlobalSection(ExtensibilityGlobals) = postSolution
		SolutionGuid = {7D6DF1D0-0B67-443F-8298-CC02FF24EF29}
	EndGlobalSection
EndGlobal
